// !$*UTF8*$!
{
	archiveVersion = 1;
	classes = {
	};
	objectVersion = 48;
	objects = {

/* Begin PBXBuildFile section */
		CD14634620464376004DC6B4 /* AppDelegate.swift in Sources */ = {isa = PBXBuildFile; fileRef = CD14634520464376004DC6B4 /* AppDelegate.swift */; };
		CD14634820464376004DC6B4 /* ViewController.swift in Sources */ = {isa = PBXBuildFile; fileRef = CD14634720464376004DC6B4 /* ViewController.swift */; };
		CD14634B20464376004DC6B4 /* Main.storyboard in Resources */ = {isa = PBXBuildFile; fileRef = CD14634920464376004DC6B4 /* Main.storyboard */; };
		CD14634D20464376004DC6B4 /* Assets.xcassets in Resources */ = {isa = PBXBuildFile; fileRef = CD14634C20464376004DC6B4 /* Assets.xcassets */; };
		CD14635020464376004DC6B4 /* LaunchScreen.storyboard in Resources */ = {isa = PBXBuildFile; fileRef = CD14634E20464376004DC6B4 /* LaunchScreen.storyboard */; };
		CD3B3D162052760800AB3E01 /* Question.swift in Sources */ = {isa = PBXBuildFile; fileRef = CD3B3D152052760800AB3E01 /* Question.swift */; };
		CD3B3D182052761A00AB3E01 /* QuestionBank.swift in Sources */ = {isa = PBXBuildFile; fileRef = CD3B3D172052761A00AB3E01 /* QuestionBank.swift */; };
		CD3B3D1E2052A94800AB3E01 /* ProgressHUD.bundle in Resources */ = {isa = PBXBuildFile; fileRef = CD3B3D1C2052A94800AB3E01 /* ProgressHUD.bundle */; };
		CD3B3D1F2052A94800AB3E01 /* ProgressHUD.m in Sources */ = {isa = PBXBuildFile; fileRef = CD3B3D1D2052A94800AB3E01 /* ProgressHUD.m */; };
/* End PBXBuildFile section */

/* Begin PBXFileReference section */
		CD14634220464376004DC6B4 /* Quiz-Me.app */ = {isa = PBXFileReference; explicitFileType = wrapper.application; includeInIndex = 0; path = "Quiz-Me.app"; sourceTree = BUILT_PRODUCTS_DIR; };
		CD14634520464376004DC6B4 /* AppDelegate.swift */ = {isa = PBXFileReference; lastKnownFileType = sourcecode.swift; path = AppDelegate.swift; sourceTree = "<group>"; };
		CD14634720464376004DC6B4 /* ViewController.swift */ = {isa = PBXFileReference; lastKnownFileType = sourcecode.swift; path = ViewController.swift; sourceTree = "<group>"; };
		CD14634A20464376004DC6B4 /* Base */ = {isa = PBXFileReference; lastKnownFileType = file.storyboard; name = Base; path = Base.lproj/Main.storyboard; sourceTree = "<group>"; };
		CD14634C20464376004DC6B4 /* Assets.xcassets */ = {isa = PBXFileReference; lastKnownFileType = folder.assetcatalog; path = Assets.xcassets; sourceTree = "<group>"; };
		CD14634F20464376004DC6B4 /* Base */ = {isa = PBXFileReference; lastKnownFileType = file.storyboard; name = Base; path = Base.lproj/LaunchScreen.storyboard; sourceTree = "<group>"; };
		CD14635120464376004DC6B4 /* Info.plist */ = {isa = PBXFileReference; lastKnownFileType = text.plist.xml; path = Info.plist; sourceTree = "<group>"; };
		CD3B3D152052760800AB3E01 /* Question.swift */ = {isa = PBXFileReference; lastKnownFileType = sourcecode.swift; path = Question.swift; sourceTree = "<group>"; };
		CD3B3D172052761A00AB3E01 /* QuestionBank.swift */ = {isa = PBXFileReference; lastKnownFileType = sourcecode.swift; path = QuestionBank.swift; sourceTree = "<group>"; };
		CD3B3D1A2052A94700AB3E01 /* Quiz-Me-Bridging-Header.h */ = {isa = PBXFileReference; lastKnownFileType = sourcecode.c.h; path = "Quiz-Me-Bridging-Header.h"; sourceTree = "<group>"; };
		CD3B3D1B2052A94800AB3E01 /* ProgressHUD.h */ = {isa = PBXFileReference; fileEncoding = 4; lastKnownFileType = sourcecode.c.h; path = ProgressHUD.h; sourceTree = "<group>"; };
		CD3B3D1C2052A94800AB3E01 /* ProgressHUD.bundle */ = {isa = PBXFileReference; lastKnownFileType = "wrapper.plug-in"; path = ProgressHUD.bundle; sourceTree = "<group>"; };
		CD3B3D1D2052A94800AB3E01 /* ProgressHUD.m */ = {isa = PBXFileReference; fileEncoding = 4; lastKnownFileType = sourcecode.c.objc; path = ProgressHUD.m; sourceTree = "<group>"; };
/* End PBXFileReference section */

/* Begin PBXFrameworksBuildPhase section */
		CD14633F20464376004DC6B4 /* Frameworks */ = {
			isa = PBXFrameworksBuildPhase;
			buildActionMask = 2147483647;
			files = (
			);
			runOnlyForDeploymentPostprocessing = 0;
		};
/* End PBXFrameworksBuildPhase section */

/* Begin PBXGroup section */
		CD14633920464376004DC6B4 = {
			isa = PBXGroup;
			children = (
				CD14634420464376004DC6B4 /* Quiz-Me */,
				CD14635120464376004DC6B4 /* Info.plist */,
				CD14634320464376004DC6B4 /* Products */,
			);
			sourceTree = "<group>";
		};
		CD14634320464376004DC6B4 /* Products */ = {
			isa = PBXGroup;
			children = (
				CD14634220464376004DC6B4 /* Quiz-Me.app */,
			);
			name = Products;
			sourceTree = "<group>";
		};
		CD14634420464376004DC6B4 /* Quiz-Me */ = {
			isa = PBXGroup;
			children = (
				CD3B3D12205273F000AB3E01 /* Model */,
				CD3B3D13205273F600AB3E01 /* View */,
				CD3B3D142052740200AB3E01 /* Controller */,
				CD3B3D192052A92500AB3E01 /* Supporting Files */,
			);
			path = "Quiz-Me";
			sourceTree = "<group>";
		};
		CD3B3D12205273F000AB3E01 /* Model */ = {
			isa = PBXGroup;
			children = (
				CD3B3D152052760800AB3E01 /* Question.swift */,
				CD3B3D172052761A00AB3E01 /* QuestionBank.swift */,
			);
			path = Model;
			sourceTree = "<group>";
		};
		CD3B3D13205273F600AB3E01 /* View */ = {
			isa = PBXGroup;
			children = (
				CD14634E20464376004DC6B4 /* LaunchScreen.storyboard */,
				CD14634920464376004DC6B4 /* Main.storyboard */,
				CD14634C20464376004DC6B4 /* Assets.xcassets */,
			);
			path = View;
			sourceTree = "<group>";
		};
		CD3B3D142052740200AB3E01 /* Controller */ = {
			isa = PBXGroup;
			children = (
				CD14634520464376004DC6B4 /* AppDelegate.swift */,
				CD14634720464376004DC6B4 /* ViewController.swift */,
			);
			path = Controller;
			sourceTree = "<group>";
		};
		CD3B3D192052A92500AB3E01 /* Supporting Files */ = {
			isa = PBXGroup;
			children = (
				CD3B3D1C2052A94800AB3E01 /* ProgressHUD.bundle */,
				CD3B3D1B2052A94800AB3E01 /* ProgressHUD.h */,
				CD3B3D1D2052A94800AB3E01 /* ProgressHUD.m */,
				CD3B3D1A2052A94700AB3E01 /* Quiz-Me-Bridging-Header.h */,
			);
			path = "Supporting Files";
			sourceTree = "<group>";
		};
/* End PBXGroup section */

/* Begin PBXNativeTarget section */
		CD14634120464376004DC6B4 /* Quiz-Me */ = {
			isa = PBXNativeTarget;
			buildConfigurationList = CD14635420464376004DC6B4 /* Build configuration list for PBXNativeTarget "Quiz-Me" */;
			buildPhases = (
				CD14633E20464376004DC6B4 /* Sources */,
				CD14633F20464376004DC6B4 /* Frameworks */,
				CD14634020464376004DC6B4 /* Resources */,
			);
			buildRules = (
			);
			dependencies = (
			);
			name = "Quiz-Me";
			productName = "Quiz-Me";
			productReference = CD14634220464376004DC6B4 /* Quiz-Me.app */;
			productType = "com.apple.product-type.application";
		};
/* End PBXNativeTarget section */

/* Begin PBXProject section */
		CD14633A20464376004DC6B4 /* Project object */ = {
			isa = PBXProject;
			attributes = {
				LastSwiftUpdateCheck = 0920;
				LastUpgradeCheck = 0920;
				ORGANIZATIONNAME = NamHNguyen;
				TargetAttributes = {
					CD14634120464376004DC6B4 = {
						CreatedOnToolsVersion = 9.2;
						LastSwiftMigration = 0920;
						ProvisioningStyle = Automatic;
					};
				};
			};
			buildConfigurationList = CD14633D20464376004DC6B4 /* Build configuration list for PBXProject "Quiz-Me" */;
			compatibilityVersion = "Xcode 8.0";
			developmentRegion = en;
			hasScannedForEncodings = 0;
			knownRegions = (
				en,
				Base,
			);
			mainGroup = CD14633920464376004DC6B4;
			productRefGroup = CD14634320464376004DC6B4 /* Products */;
			projectDirPath = "";
			projectRoot = "";
			targets = (
				CD14634120464376004DC6B4 /* Quiz-Me */,
			);
		};
/* End PBXProject section */

/* Begin PBXResourcesBuildPhase section */
		CD14634020464376004DC6B4 /* Resources */ = {
			isa = PBXResourcesBuildPhase;
			buildActionMask = 2147483647;
			files = (
				CD3B3D1E2052A94800AB3E01 /* ProgressHUD.bundle in Resources */,
				CD14635020464376004DC6B4 /* LaunchScreen.storyboard in Resources */,
				CD14634D20464376004DC6B4 /* Assets.xcassets in Resources */,
				CD14634B20464376004DC6B4 /* Main.storyboard in Resources */,
			);
			runOnlyForDeploymentPostprocessing = 0;
		};
/* End PBXResourcesBuildPhase section */

/* Begin PBXSourcesBuildPhase section */
		CD14633E20464376004DC6B4 /* Sources */ = {
			isa = PBXSourcesBuildPhase;
			buildActionMask = 2147483647;
			files = (
				CD3B3D162052760800AB3E01 /* Question.swift in Sources */,
				CD3B3D182052761A00AB3E01 /* QuestionBank.swift in Sources */,
				CD3B3D1F2052A94800AB3E01 /* ProgressHUD.m in Sources */,
				CD14634820464376004DC6B4 /* ViewController.swift in Sources */,
				CD14634620464376004DC6B4 /* AppDelegate.swift in Sources */,
			);
			runOnlyForDeploymentPostprocessing = 0;
		};
/* End PBXSourcesBuildPhase section */

/* Begin PBXVariantGroup section */
		CD14634920464376004DC6B4 /* Main.storyboard */ = {
			isa = PBXVariantGroup;
			children = (
				CD14634A20464376004DC6B4 /* Base */,
			);
			name = Main.storyboard;
			sourceTree = "<group>";
		};
		CD14634E20464376004DC6B4 /* LaunchScreen.storyboard */ = {
			isa = PBXVariantGroup;
			children = (
				CD14634F20464376004DC6B4 /* Base */,
			);
			name = LaunchScreen.storyboard;
			sourceTree = "<group>";
		};
/* End PBXVariantGroup section */

/* Begin XCBuildConfiguration section */
		CD14635220464376004DC6B4 /* Debug */ = {
			isa = XCBuildConfiguration;
			buildSettings = {
				ALWAYS_SEARCH_USER_PATHS = NO;
				CLANG_ANALYZER_NONNULL = YES;
				CLANG_ANALYZER_NUMBER_OBJECT_CONVERSION = YES_AGGRESSIVE;
				CLANG_CXX_LANGUAGE_STANDARD = "gnu++14";
				CLANG_CXX_LIBRARY = "libc++";
				CLANG_ENABLE_MODULES = YES;
				CLANG_ENABLE_OBJC_ARC = YES;
				CLANG_WARN_BLOCK_CAPTURE_AUTORELEASING = YES;
				CLANG_WARN_BOOL_CONVERSION = YES;
				CLANG_WARN_COMMA = YES;
				CLANG_WARN_CONSTANT_CONVERSION = YES;
				CLANG_WARN_DIRECT_OBJC_ISA_USAGE = YES_ERROR;
				CLANG_WARN_DOCUMENTATION_COMMENTS = YES;
				CLANG_WARN_EMPTY_BODY = YES;
				CLANG_WARN_ENUM_CONVERSION = YES;
				CLANG_WARN_INFINITE_RECURSION = YES;
				CLANG_WARN_INT_CONVERSION = YES;
				CLANG_WARN_NON_LITERAL_NULL_CONVERSION = YES;
				CLANG_WARN_OBJC_LITERAL_CONVERSION = YES;
				CLANG_WARN_OBJC_ROOT_CLASS = YES_ERROR;
				CLANG_WARN_RANGE_LOOP_ANALYSIS = YES;
				CLANG_WARN_STRICT_PROTOTYPES = YES;
				CLANG_WARN_SUSPICIOUS_MOVE = YES;
				CLANG_WARN_UNGUARDED_AVAILABILITY = YES_AGGRESSIVE;
				CLANG_WARN_UNREACHABLE_CODE = YES;
				CLANG_WARN__DUPLICATE_METHOD_MATCH = YES;
				CODE_SIGN_IDENTITY = "iPhone Developer";
				COPY_PHASE_STRIP = NO;
				DEBUG_INFORMATION_FORMAT = dwarf;
				ENABLE_STRICT_OBJC_MSGSEND = YES;
				ENABLE_TESTABILITY = YES;
				GCC_C_LANGUAGE_STANDARD = gnu11;
				GCC_DYNAMIC_NO_PIC = NO;
				GCC_NO_COMMON_BLOCKS = YES;
				GCC_OPTIMIZATION_LEVEL = 0;
				GCC_PREPROCESSOR_DEFINITIONS = (
					"DEBUG=1",
					"$(inherited)",
				);
				GCC_WARN_64_TO_32_BIT_CONVERSION = YES;
				GCC_WARN_ABOUT_RETURN_TYPE = YES_ERROR;
				GCC_WARN_UNDECLARED_SELECTOR = YES;
				GCC_WARN_UNINITIALIZED_AUTOS = YES_AGGRESSIVE;
				GCC_WARN_UNUSED_FUNCTION = YES;
				GCC_WARN_UNUSED_VARIABLE = YES;
				IPHONEOS_DEPLOYMENT_TARGET = 11.2;
				MTL_ENABLE_DEBUG_INFO = YES;
				ONLY_ACTIVE_ARCH = YES;
				SDKROOT = iphoneos;
				SWIFT_ACTIVE_COMPILATION_CONDITIONS = DEBUG;
				SWIFT_OPTIMIZATION_LEVEL = "-Onone";
			};
			name = Debug;
		};
		CD14635320464376004DC6B4 /* Release */ = {
			isa = XCBuildConfiguration;
			buildSettings = {
				ALWAYS_SEARCH_USER_PATHS = NO;
				CLANG_ANALYZER_NONNULL = YES;
				CLANG_ANALYZER_NUMBER_OBJECT_CONVERSION = YES_AGGRESSIVE;
				CLANG_CXX_LANGUAGE_STANDARD = "gnu++14";
				CLANG_CXX_LIBRARY = "libc++";
				CLANG_ENABLE_MODULES = YES;
				CLANG_ENABLE_OBJC_ARC = YES;
				CLANG_WARN_BLOCK_CAPTURE_AUTORELEASING = YES;
				CLANG_WARN_BOOL_CONVERSION = YES;
				CLANG_WARN_COMMA = YES;
				CLANG_WARN_CONSTANT_CONVERSION = YES;
				CLANG_WARN_DIRECT_OBJC_ISA_USAGE = YES_ERROR;
				CLANG_WARN_DOCUMENTATION_COMMENTS = YES;
				CLANG_WARN_EMPTY_BODY = YES;
				CLANG_WARN_ENUM_CONVERSION = YES;
				CLANG_WARN_INFINITE_RECURSION = YES;
				CLANG_WARN_INT_CONVERSION = YES;
				CLANG_WARN_NON_LITERAL_NULL_CONVERSION = YES;
				CLANG_WARN_OBJC_LITERAL_CONVERSION = YES;
				CLANG_WARN_OBJC_ROOT_CLASS = YES_ERROR;
				CLANG_WARN_RANGE_LOOP_ANALYSIS = YES;
				CLANG_WARN_STRICT_PROTOTYPES = YES;
				CLANG_WARN_SUSPICIOUS_MOVE = YES;
				CLANG_WARN_UNGUARDED_AVAILABILITY = YES_AGGRESSIVE;
				CLANG_WARN_UNREACHABLE_CODE = YES;
				CLANG_WARN__DUPLICATE_METHOD_MATCH = YES;
				CODE_SIGN_IDENTITY = "iPhone Developer";
				COPY_PHASE_STRIP = NO;
				DEBUG_INFORMATION_FORMAT = "dwarf-with-dsym";
				ENABLE_NS_ASSERTIONS = NO;
				ENABLE_STRICT_OBJC_MSGSEND = YES;
				GCC_C_LANGUAGE_STANDARD = gnu11;
				GCC_NO_COMMON_BLOCKS = YES;
				GCC_WARN_64_TO_32_BIT_CONVERSION = YES;
				GCC_WARN_ABOUT_RETURN_TYPE = YES_ERROR;
				GCC_WARN_UNDECLARED_SELECTOR = YES;
				GCC_WARN_UNINITIALIZED_AUTOS = YES_AGGRESSIVE;
				GCC_WARN_UNUSED_FUNCTION = YES;
				GCC_WARN_UNUSED_VARIABLE = YES;
				IPHONEOS_DEPLOYMENT_TARGET = 11.2;
				MTL_ENABLE_DEBUG_INFO = NO;
				SDKROOT = iphoneos;
				SWIFT_OPTIMIZATION_LEVEL = "-Owholemodule";
				VALIDATE_PRODUCT = YES;
			};
			name = Release;
		};
		CD14635520464376004DC6B4 /* Debug */ = {
			isa = XCBuildConfiguration;
			buildSettings = {
				ASSETCATALOG_COMPILER_APPICON_NAME = AppIcon;
				CLANG_ENABLE_MODULES = YES;
				CODE_SIGN_STYLE = Automatic;
				DEVELOPMENT_TEAM = 6CU35FWDGG;
				INFOPLIST_FILE = "Quiz-Me/Info.plist";
				LD_RUNPATH_SEARCH_PATHS = "$(inherited) @executable_path/Frameworks";
				PRODUCT_BUNDLE_IDENTIFIER = "com.namhnguyen.Quiz-Me";
				PRODUCT_NAME = "$(TARGET_NAME)";
				SWIFT_OBJC_BRIDGING_HEADER = "Quiz-Me/Supporting Files/Quiz-Me-Bridging-Header.h";
				SWIFT_OPTIMIZATION_LEVEL = "-Onone";
				SWIFT_VERSION = 4.0;
				TARGETED_DEVICE_FAMILY = 1;
			};
			name = Debug;
		};
		CD14635620464376004DC6B4 /* Release */ = {
			isa = XCBuildConfiguration;
			buildSettings = {
				ASSETCATALOG_COMPILER_APPICON_NAME = AppIcon;
				CLANG_ENABLE_MODULES = YES;
				CODE_SIGN_STYLE = Automatic;
				DEVELOPMENT_TEAM = 6CU35FWDGG;
				INFOPLIST_FILE = "Quiz-Me/Info.plist";
				LD_RUNPATH_SEARCH_PATHS = "$(inherited) @executable_path/Frameworks";
				PRODUCT_BUNDLE_IDENTIFIER = "com.namhnguyen.Quiz-Me";
				PRODUCT_NAME = "$(TARGET_NAME)";
				SWIFT_OBJC_BRIDGING_HEADER = "Quiz-Me/Supporting Files/Quiz-Me-Bridging-Header.h";
				SWIFT_VERSION = 4.0;
				TARGETED_DEVICE_FAMILY = 1;
			};
			name = Release;
		};
/* End XCBuildConfiguration section */

/* Begin XCConfigurationList section */
		CD14633D20464376004DC6B4 /* Build configuration list for PBXProject "Quiz-Me" */ = {
			isa = XCConfigurationList;
			buildConfigurations = (
				CD14635220464376004DC6B4 /* Debug */,
				CD14635320464376004DC6B4 /* Release */,
			);
			defaultConfigurationIsVisible = 0;
			defaultConfigurationName = Release;
		};
		CD14635420464376004DC6B4 /* Build configuration list for PBXNativeTarget "Quiz-Me" */ = {
			isa = XCConfigurationList;
			buildConfigurations = (
				CD14635520464376004DC6B4 /* Debug */,
				CD14635620464376004DC6B4 /* Release */,
			);
			defaultConfigurationIsVisible = 0;
			defaultConfigurationName = Release;
		};
/* End XCConfigurationList section */
	};
	rootObject = CD14633A20464376004DC6B4 /* Project object */;
}
